
Microsoft Visual Studio Solution File, Format Version 12.00
# Visual Studio 2012
Project("{8BC9CEB8-8B4A-11D0-8D11-00A0C91BC942}") = "ATestGame", "ATestGame\ATestGame.vcxproj", "{19B7D1F6-791C-4868-A435-FFA1643F3C7B}"
	ProjectSection(ProjectDependencies) = postProject
		{235D6434-7341-49D7-9837-A52810853BD9} = {235D6434-7341-49D7-9837-A52810853BD9}
	EndProjectSection
EndProject
Project("{8BC9CEB8-8B4A-11D0-8D11-00A0C91BC942}") = "core", "Engine\core.vcxproj", "{E23B12A4-64C7-47D5-BB71-8B394943FE91}"
EndProject
Project("{8BC9CEB8-8B4A-11D0-8D11-00A0C91BC942}") = "Innabus", "Engine\Innabus.vcxproj", "{235D6434-7341-49D7-9837-A52810853BD9}"
	ProjectSection(ProjectDependencies) = postProject
		{E23B12A4-64C7-47D5-BB71-8B394943FE91} = {E23B12A4-64C7-47D5-BB71-8B394943FE91}
	EndProjectSection
EndProject
Project("{2150E333-8FDC-42A3-9474-1A3956D46DE8}") = "Innabus Engine", "Innabus Engine", "{D06EAFC2-3380-4FDB-A4A5-48DDE34301FC}"
EndProject
Project("{2150E333-8FDC-42A3-9474-1A3956D46DE8}") = "Game", "Game", "{5D2CC6F7-666D-4477-B9E8-AF6105FA9829}"
EndProject
Project("{2150E333-8FDC-42A3-9474-1A3956D46DE8}") = "Tests", "Tests", "{A3C8E32A-895E-4409-BE64-7DCE89725222}"
EndProject
Project("{8BC9CEB8-8B4A-11D0-8D11-00A0C91BC942}") = "Vector_FunctionalityTest", "Tests\Vector_FunctionalityTest\Vector_FunctionalityTest.vcxproj", "{825EE954-B87E-4AC0-8D58-47A95BA67202}"
	ProjectSection(ProjectDependencies) = postProject
		{235D6434-7341-49D7-9837-A52810853BD9} = {235D6434-7341-49D7-9837-A52810853BD9}
	EndProjectSection
EndProject
Project("{8BC9CEB8-8B4A-11D0-8D11-00A0C91BC942}") = "Matrix_FunctionalityTest", "Tests\Matrix_FunctionalityTest\Matrix_FunctionalityTest.vcxproj", "{2CB6AB8D-20BA-431A-A529-7FB2CCB51CCF}"
	ProjectSection(ProjectDependencies) = postProject
		{235D6434-7341-49D7-9837-A52810853BD9} = {235D6434-7341-49D7-9837-A52810853BD9}
	EndProjectSection
EndProject
Project("{8BC9CEB8-8B4A-11D0-8D11-00A0C91BC942}") = "Mtx2x2_BasicTest", "Tests\Mtx2x2_BasicTest\Mtx2x2_BasicTest.vcxproj", "{85E10670-4620-49B2-A6C7-DDB0CC3839CF}"
	ProjectSection(ProjectDependencies) = postProject
		{235D6434-7341-49D7-9837-A52810853BD9} = {235D6434-7341-49D7-9837-A52810853BD9}
	EndProjectSection
EndProject
Project("{8BC9CEB8-8B4A-11D0-8D11-00A0C91BC942}") = "Vec2_BasicTest", "Tests\Vec2_BasicTest\Vec2_BasicTest.vcxproj", "{383A931E-5034-42D7-8897-BF13C652F7EA}"
	ProjectSection(ProjectDependencies) = postProject
		{235D6434-7341-49D7-9837-A52810853BD9} = {235D6434-7341-49D7-9837-A52810853BD9}
	EndProjectSection
EndProject
Project("{8BC9CEB8-8B4A-11D0-8D11-00A0C91BC942}") = "Mtx3x3_BasicTest", "Tests\Mtx3x3_BasicTest\Mtx3x3_BasicTest.vcxproj", "{6F1BA950-E2AB-4BFB-B995-78EC4C7C0C86}"
	ProjectSection(ProjectDependencies) = postProject
		{235D6434-7341-49D7-9837-A52810853BD9} = {235D6434-7341-49D7-9837-A52810853BD9}
	EndProjectSection
EndProject
Project("{8BC9CEB8-8B4A-11D0-8D11-00A0C91BC942}") = "Vec3_BasicTest", "Tests\Vec3_BasicTest\Vec3_BasicTest.vcxproj", "{568730FC-EB65-4F84-913A-79DBE91F2F6C}"
	ProjectSection(ProjectDependencies) = postProject
		{235D6434-7341-49D7-9837-A52810853BD9} = {235D6434-7341-49D7-9837-A52810853BD9}
	EndProjectSection
EndProject
Project("{8BC9CEB8-8B4A-11D0-8D11-00A0C91BC942}") = "Vec4_BasicTest", "Tests\Vec4_BasicTest\Vec4_BasicTest.vcxproj", "{BBE35FBA-102B-4D08-8C18-D048CF897318}"
	ProjectSection(ProjectDependencies) = postProject
		{235D6434-7341-49D7-9837-A52810853BD9} = {235D6434-7341-49D7-9837-A52810853BD9}
		{E23B12A4-64C7-47D5-BB71-8B394943FE91} = {E23B12A4-64C7-47D5-BB71-8B394943FE91}
	EndProjectSection
EndProject
Global
	GlobalSection(SolutionConfigurationPlatforms) = preSolution
		Debug|Win32 = Debug|Win32
		Debug|x64 = Debug|x64
		Release|Win32 = Release|Win32
		Release|x64 = Release|x64
	EndGlobalSection
	GlobalSection(ProjectConfigurationPlatforms) = postSolution
		{19B7D1F6-791C-4868-A435-FFA1643F3C7B}.Debug|Win32.ActiveCfg = Debug|Win32
		{19B7D1F6-791C-4868-A435-FFA1643F3C7B}.Debug|Win32.Build.0 = Debug|Win32
		{19B7D1F6-791C-4868-A435-FFA1643F3C7B}.Debug|x64.ActiveCfg = Debug|x64
		{19B7D1F6-791C-4868-A435-FFA1643F3C7B}.Debug|x64.Build.0 = Debug|x64
		{19B7D1F6-791C-4868-A435-FFA1643F3C7B}.Release|Win32.ActiveCfg = Release|Win32
		{19B7D1F6-791C-4868-A435-FFA1643F3C7B}.Release|Win32.Build.0 = Release|Win32
		{19B7D1F6-791C-4868-A435-FFA1643F3C7B}.Release|x64.ActiveCfg = Release|x64
		{19B7D1F6-791C-4868-A435-FFA1643F3C7B}.Release|x64.Build.0 = Release|x64
		{E23B12A4-64C7-47D5-BB71-8B394943FE91}.Debug|Win32.ActiveCfg = Debug|Win32
		{E23B12A4-64C7-47D5-BB71-8B394943FE91}.Debug|Win32.Build.0 = Debug|Win32
		{E23B12A4-64C7-47D5-BB71-8B394943FE91}.Debug|x64.ActiveCfg = Debug|x64
		{E23B12A4-64C7-47D5-BB71-8B394943FE91}.Debug|x64.Build.0 = Debug|x64
		{E23B12A4-64C7-47D5-BB71-8B394943FE91}.Release|Win32.ActiveCfg = Release|Win32
		{E23B12A4-64C7-47D5-BB71-8B394943FE91}.Release|Win32.Build.0 = Release|Win32
		{E23B12A4-64C7-47D5-BB71-8B394943FE91}.Release|x64.ActiveCfg = Release|x64
		{E23B12A4-64C7-47D5-BB71-8B394943FE91}.Release|x64.Build.0 = Release|x64
		{235D6434-7341-49D7-9837-A52810853BD9}.Debug|Win32.ActiveCfg = Debug|Win32
		{235D6434-7341-49D7-9837-A52810853BD9}.Debug|Win32.Build.0 = Debug|Win32
		{235D6434-7341-49D7-9837-A52810853BD9}.Debug|x64.ActiveCfg = Debug|x64
		{235D6434-7341-49D7-9837-A52810853BD9}.Debug|x64.Build.0 = Debug|x64
		{235D6434-7341-49D7-9837-A52810853BD9}.Release|Win32.ActiveCfg = Release|Win32
		{235D6434-7341-49D7-9837-A52810853BD9}.Release|Win32.Build.0 = Release|Win32
		{235D6434-7341-49D7-9837-A52810853BD9}.Release|x64.ActiveCfg = Release|x64
		{235D6434-7341-49D7-9837-A52810853BD9}.Release|x64.Build.0 = Release|x64
		{825EE954-B87E-4AC0-8D58-47A95BA67202}.Debug|Win32.ActiveCfg = Debug|Win32
		{825EE954-B87E-4AC0-8D58-47A95BA67202}.Debug|Win32.Build.0 = Debug|Win32
		{825EE954-B87E-4AC0-8D58-47A95BA67202}.Debug|x64.ActiveCfg = Debug|x64
		{825EE954-B87E-4AC0-8D58-47A95BA67202}.Debug|x64.Build.0 = Debug|x64
		{825EE954-B87E-4AC0-8D58-47A95BA67202}.Release|Win32.ActiveCfg = Release|Win32
		{825EE954-B87E-4AC0-8D58-47A95BA67202}.Release|Win32.Build.0 = Release|Win32
		{825EE954-B87E-4AC0-8D58-47A95BA67202}.Release|x64.ActiveCfg = Release|x64
		{825EE954-B87E-4AC0-8D58-47A95BA67202}.Release|x64.Build.0 = Release|x64
		{2CB6AB8D-20BA-431A-A529-7FB2CCB51CCF}.Debug|Win32.ActiveCfg = Debug|Win32
		{2CB6AB8D-20BA-431A-A529-7FB2CCB51CCF}.Debug|Win32.Build.0 = Debug|Win32
		{2CB6AB8D-20BA-431A-A529-7FB2CCB51CCF}.Debug|x64.ActiveCfg = Debug|x64
		{2CB6AB8D-20BA-431A-A529-7FB2CCB51CCF}.Debug|x64.Build.0 = Debug|x64
		{2CB6AB8D-20BA-431A-A529-7FB2CCB51CCF}.Release|Win32.ActiveCfg = Release|Win32
		{2CB6AB8D-20BA-431A-A529-7FB2CCB51CCF}.Release|Win32.Build.0 = Release|Win32
		{2CB6AB8D-20BA-431A-A529-7FB2CCB51CCF}.Release|x64.ActiveCfg = Release|x64
		{2CB6AB8D-20BA-431A-A529-7FB2CCB51CCF}.Release|x64.Build.0 = Release|x64
		{85E10670-4620-49B2-A6C7-DDB0CC3839CF}.Debug|Win32.ActiveCfg = Debug|Win32
		{85E10670-4620-49B2-A6C7-DDB0CC3839CF}.Debug|Win32.Build.0 = Debug|Win32
		{85E10670-4620-49B2-A6C7-DDB0CC3839CF}.Debug|x64.ActiveCfg = Debug|x64
		{85E10670-4620-49B2-A6C7-DDB0CC3839CF}.Debug|x64.Build.0 = Debug|x64
		{85E10670-4620-49B2-A6C7-DDB0CC3839CF}.Release|Win32.ActiveCfg = Release|Win32
		{85E10670-4620-49B2-A6C7-DDB0CC3839CF}.Release|Win32.Build.0 = Release|Win32
		{85E10670-4620-49B2-A6C7-DDB0CC3839CF}.Release|x64.ActiveCfg = Release|x64
		{85E10670-4620-49B2-A6C7-DDB0CC3839CF}.Release|x64.Build.0 = Release|x64
		{383A931E-5034-42D7-8897-BF13C652F7EA}.Debug|Win32.ActiveCfg = Debug|Win32
		{383A931E-5034-42D7-8897-BF13C652F7EA}.Debug|Win32.Build.0 = Debug|Win32
		{383A931E-5034-42D7-8897-BF13C652F7EA}.Debug|x64.ActiveCfg = Debug|x64
		{383A931E-5034-42D7-8897-BF13C652F7EA}.Debug|x64.Build.0 = Debug|x64
		{383A931E-5034-42D7-8897-BF13C652F7EA}.Release|Win32.ActiveCfg = Release|Win32
		{383A931E-5034-42D7-8897-BF13C652F7EA}.Release|Win32.Build.0 = Release|Win32
		{383A931E-5034-42D7-8897-BF13C652F7EA}.Release|x64.ActiveCfg = Release|x64
		{383A931E-5034-42D7-8897-BF13C652F7EA}.Release|x64.Build.0 = Release|x64
		{6F1BA950-E2AB-4BFB-B995-78EC4C7C0C86}.Debug|Win32.ActiveCfg = Debug|Win32
		{6F1BA950-E2AB-4BFB-B995-78EC4C7C0C86}.Debug|Win32.Build.0 = Debug|Win32
		{6F1BA950-E2AB-4BFB-B995-78EC4C7C0C86}.Debug|x64.ActiveCfg = Debug|x64
		{6F1BA950-E2AB-4BFB-B995-78EC4C7C0C86}.Debug|x64.Build.0 = Debug|x64
		{6F1BA950-E2AB-4BFB-B995-78EC4C7C0C86}.Release|Win32.ActiveCfg = Release|Win32
		{6F1BA950-E2AB-4BFB-B995-78EC4C7C0C86}.Release|Win32.Build.0 = Release|Win32
		{6F1BA950-E2AB-4BFB-B995-78EC4C7C0C86}.Release|x64.ActiveCfg = Release|x64
		{6F1BA950-E2AB-4BFB-B995-78EC4C7C0C86}.Release|x64.Build.0 = Release|x64
		{568730FC-EB65-4F84-913A-79DBE91F2F6C}.Debug|Win32.ActiveCfg = Debug|Win32
		{568730FC-EB65-4F84-913A-79DBE91F2F6C}.Debug|Win32.Build.0 = Debug|Win32
		{568730FC-EB65-4F84-913A-79DBE91F2F6C}.Debug|x64.ActiveCfg = Debug|x64
		{568730FC-EB65-4F84-913A-79DBE91F2F6C}.Debug|x64.Build.0 = Debug|x64
		{568730FC-EB65-4F84-913A-79DBE91F2F6C}.Release|Win32.ActiveCfg = Release|Win32
		{568730FC-EB65-4F84-913A-79DBE91F2F6C}.Release|Win32.Build.0 = Release|Win32
		{568730FC-EB65-4F84-913A-79DBE91F2F6C}.Release|x64.ActiveCfg = Release|x64
		{568730FC-EB65-4F84-913A-79DBE91F2F6C}.Release|x64.Build.0 = Release|x64
		{BBE35FBA-102B-4D08-8C18-D048CF897318}.Debug|Win32.ActiveCfg = Debug|Win32
		{BBE35FBA-102B-4D08-8C18-D048CF897318}.Debug|Win32.Build.0 = Debug|Win32
		{BBE35FBA-102B-4D08-8C18-D048CF897318}.Debug|x64.ActiveCfg = Debug|x64
		{BBE35FBA-102B-4D08-8C18-D048CF897318}.Debug|x64.Build.0 = Debug|x64
		{BBE35FBA-102B-4D08-8C18-D048CF897318}.Release|Win32.ActiveCfg = Release|Win32
		{BBE35FBA-102B-4D08-8C18-D048CF897318}.Release|Win32.Build.0 = Release|Win32
		{BBE35FBA-102B-4D08-8C18-D048CF897318}.Release|x64.ActiveCfg = Release|x64
		{BBE35FBA-102B-4D08-8C18-D048CF897318}.Release|x64.Build.0 = Release|x64
	EndGlobalSection
	GlobalSection(SolutionProperties) = preSolution
		HideSolutionNode = FALSE
	EndGlobalSection
	GlobalSection(NestedProjects) = preSolution
		{19B7D1F6-791C-4868-A435-FFA1643F3C7B} = {5D2CC6F7-666D-4477-B9E8-AF6105FA9829}
		{235D6434-7341-49D7-9837-A52810853BD9} = {D06EAFC2-3380-4FDB-A4A5-48DDE34301FC}
		{E23B12A4-64C7-47D5-BB71-8B394943FE91} = {D06EAFC2-3380-4FDB-A4A5-48DDE34301FC}
		{825EE954-B87E-4AC0-8D58-47A95BA67202} = {A3C8E32A-895E-4409-BE64-7DCE89725222}
		{2CB6AB8D-20BA-431A-A529-7FB2CCB51CCF} = {A3C8E32A-895E-4409-BE64-7DCE89725222}
		{85E10670-4620-49B2-A6C7-DDB0CC3839CF} = {A3C8E32A-895E-4409-BE64-7DCE89725222}
		{383A931E-5034-42D7-8897-BF13C652F7EA} = {A3C8E32A-895E-4409-BE64-7DCE89725222}
		{6F1BA950-E2AB-4BFB-B995-78EC4C7C0C86} = {A3C8E32A-895E-4409-BE64-7DCE89725222}
		{568730FC-EB65-4F84-913A-79DBE91F2F6C} = {A3C8E32A-895E-4409-BE64-7DCE89725222}
		{BBE35FBA-102B-4D08-8C18-D048CF897318} = {A3C8E32A-895E-4409-BE64-7DCE89725222}
	EndGlobalSection
EndGlobal
