<?xml version="1.0" encoding="utf-8"?>
<Project ToolsVersion="4.0" xmlns="http://schemas.microsoft.com/developer/msbuild/2003">
  <ItemGroup>
    <ClCompile Include="src\test.cpp" />
    <ClCompile Include="src\ibHash.cpp">
      <Filter>Util</Filter>
    </ClCompile>
    <ClCompile Include="src\ibLog.cpp">
      <Filter>Util</Filter>
    </ClCompile>
    <ClCompile Include="src\ibUtil.cpp">
      <Filter>Util</Filter>
    </ClCompile>
    <ClCompile Include="src\ibOSWin.cpp">
      <Filter>System\Win</Filter>
    </ClCompile>
    <ClCompile Include="src\ibSystemWin.cpp">
      <Filter>System\Win</Filter>
    </ClCompile>
    <ClCompile Include="src\ibMCP.cpp">
      <Filter>System</Filter>
    </ClCompile>
    <ClCompile Include="src\ibAtomicWin.cpp">
      <Filter>Threading\Win</Filter>
    </ClCompile>
    <ClCompile Include="src\ibCriticalSectionWin.cpp">
      <Filter>Threading\Win</Filter>
    </ClCompile>
    <ClCompile Include="src\ibMutexWin.cpp">
      <Filter>Threading\Win</Filter>
    </ClCompile>
    <ClCompile Include="src\ibSemaphoreWin.cpp">
      <Filter>Threading\Win</Filter>
    </ClCompile>
    <ClCompile Include="src\ibThreadBaseWin.cpp">
      <Filter>Threading\Win</Filter>
    </ClCompile>
    <ClCompile Include="src\ibNew.cpp">
      <Filter>Memory</Filter>
    </ClCompile>
    <ClCompile Include="src\ibJobThread.cpp">
      <Filter>Jobs</Filter>
    </ClCompile>
    <ClCompile Include="src\ibHeapDefines.cpp">
      <Filter>Memory</Filter>
    </ClCompile>
    <ClCompile Include="src\ibHeap.cpp">
      <Filter>Memory</Filter>
    </ClCompile>
    <ClCompile Include="src\ibSystem.cpp">
      <Filter>System</Filter>
    </ClCompile>
    <ClCompile Include="3rdParty\sqlite3\sqlite3.c">
      <Filter>3rd Party</Filter>
    </ClCompile>
    <ClCompile Include="src\ibQuat.cpp">
      <Filter>Math</Filter>
    </ClCompile>
    <ClCompile Include="src\ibVec3.cpp">
      <Filter>Math</Filter>
    </ClCompile>
    <ClCompile Include="src\ibMtx2.cpp">
      <Filter>Math</Filter>
    </ClCompile>
    <ClCompile Include="src\ibVec2.cpp">
      <Filter>Math</Filter>
    </ClCompile>
    <ClCompile Include="src\ibMtx3.cpp">
      <Filter>Math</Filter>
    </ClCompile>
    <ClCompile Include="src\ibMtx4.cpp">
      <Filter>Math</Filter>
    </ClCompile>
    <ClCompile Include="src\ibVec4.cpp">
      <Filter>Math</Filter>
    </ClCompile>
  </ItemGroup>
  <ItemGroup>
    <Filter Include="Util">
      <UniqueIdentifier>{bd1ddcf6-6633-49ef-baa9-d8d40ebc67ee}</UniqueIdentifier>
    </Filter>
    <Filter Include="System">
      <UniqueIdentifier>{5c64b2f5-4fb0-4c87-9e1e-c833485e20a4}</UniqueIdentifier>
    </Filter>
    <Filter Include="System\Win">
      <UniqueIdentifier>{875104d7-e9bb-4200-9a31-21eb263d65cc}</UniqueIdentifier>
    </Filter>
    <Filter Include="Jobs">
      <UniqueIdentifier>{3248754c-8ac8-4a3b-ae4c-8ad5c7a8e818}</UniqueIdentifier>
    </Filter>
    <Filter Include="Threading">
      <UniqueIdentifier>{2dfb741d-6c4b-488a-aa7e-53d895b51075}</UniqueIdentifier>
    </Filter>
    <Filter Include="Memory">
      <UniqueIdentifier>{a1d6df7e-5f6d-4412-b296-3d7272daba36}</UniqueIdentifier>
    </Filter>
    <Filter Include="Threading\Win">
      <UniqueIdentifier>{56932d3d-1e82-4b8d-ae63-5a3ac775d087}</UniqueIdentifier>
    </Filter>
    <Filter Include="3rd Party">
      <UniqueIdentifier>{5e5ca228-fa72-4a3d-bb7c-7924fac87f8f}</UniqueIdentifier>
    </Filter>
    <Filter Include="Math">
      <UniqueIdentifier>{2a588a90-7198-4539-9ece-a3d53b996de0}</UniqueIdentifier>
    </Filter>
  </ItemGroup>
  <ItemGroup>
    <ClInclude Include="include\ibDataTypes.h">
      <Filter>Util</Filter>
    </ClInclude>
    <ClInclude Include="include\ibEngineDefines.h">
      <Filter>Util</Filter>
    </ClInclude>
    <ClInclude Include="include\ibHash.h">
      <Filter>Util</Filter>
    </ClInclude>
    <ClInclude Include="include\ibLog.h">
      <Filter>Util</Filter>
    </ClInclude>
    <ClInclude Include="include\ibUtil.h">
      <Filter>Util</Filter>
    </ClInclude>
    <ClInclude Include="include\ibForcedInclude.h">
      <Filter>Util</Filter>
    </ClInclude>
    <ClInclude Include="include\ibOS.h">
      <Filter>System</Filter>
    </ClInclude>
    <ClInclude Include="include\ibSystem.h">
      <Filter>System</Filter>
    </ClInclude>
    <ClInclude Include="include\ibMCP.h">
      <Filter>System</Filter>
    </ClInclude>
    <ClInclude Include="include\ibReference.h">
      <Filter>System</Filter>
    </ClInclude>
    <ClInclude Include="include\ibReferenceExternal.h">
      <Filter>System</Filter>
    </ClInclude>
    <ClInclude Include="include\ibJob.h">
      <Filter>Jobs</Filter>
    </ClInclude>
    <ClInclude Include="include\ibJobThread.h">
      <Filter>Jobs</Filter>
    </ClInclude>
    <ClInclude Include="include\ibKillJob.h">
      <Filter>Jobs</Filter>
    </ClInclude>
    <ClInclude Include="include\ibAllocationData.h">
      <Filter>Memory</Filter>
    </ClInclude>
    <ClInclude Include="include\ibHeapDefines.h">
      <Filter>Memory</Filter>
    </ClInclude>
    <ClInclude Include="include\ibMemory.h">
      <Filter>Memory</Filter>
    </ClInclude>
    <ClInclude Include="include\ibNew.h">
      <Filter>Memory</Filter>
    </ClInclude>
    <ClInclude Include="include\ibAtomic.h">
      <Filter>Threading</Filter>
    </ClInclude>
    <ClInclude Include="include\ibCriticalSection.h">
      <Filter>Threading</Filter>
    </ClInclude>
    <ClInclude Include="include\ibMutex.h">
      <Filter>Threading</Filter>
    </ClInclude>
    <ClInclude Include="include\ibSemaphore.h">
      <Filter>Threading</Filter>
    </ClInclude>
    <ClInclude Include="include\ibThreadBase.h">
      <Filter>Threading</Filter>
    </ClInclude>
    <ClInclude Include="include\ibHeap.h">
      <Filter>Memory</Filter>
    </ClInclude>
    <ClInclude Include="include\ibGameThread.h">
      <Filter>Threading</Filter>
    </ClInclude>
    <ClInclude Include="include\test.h" />
    <ClInclude Include="3rdParty\sqlite3\sqlite3.h">
      <Filter>3rd Party</Filter>
    </ClInclude>
    <ClInclude Include="include\ibMath.h">
      <Filter>Math</Filter>
    </ClInclude>
    <ClInclude Include="include\ibQuat.h">
      <Filter>Math</Filter>
    </ClInclude>
    <ClInclude Include="include\ibVec3.h">
      <Filter>Math</Filter>
    </ClInclude>
    <ClInclude Include="include\ibMtx2.h">
      <Filter>Math</Filter>
    </ClInclude>
    <ClInclude Include="include\ibVec2.h">
      <Filter>Math</Filter>
    </ClInclude>
    <ClInclude Include="include\ibMtx3.h">
      <Filter>Math</Filter>
    </ClInclude>
    <ClInclude Include="include\ibMtx4.h">
      <Filter>Math</Filter>
    </ClInclude>
    <ClInclude Include="include\ibVec4.h">
      <Filter>Math</Filter>
    </ClInclude>
  </ItemGroup>
  <ItemGroup>
    <None Include="include\ibMemory.inl">
      <Filter>Memory</Filter>
    </None>
  </ItemGroup>
</Project>